
Microsoft Visual Studio Solution File, Format Version 12.00
# Visual Studio 14
VisualStudioVersion = 14.0.25123.0
MinimumVisualStudioVersion = 10.0.40219.1
Project("{FAE04EC0-301F-11D3-BF4B-00C04F79EFBC}") = "01.OddOrEven", "01.OddOrEven\01.OddOrEven.csproj", "{D7F315C5-FE67-4569-A6E5-7D3CD825F9BE}"
EndProject
Project("{FAE04EC0-301F-11D3-BF4B-00C04F79EFBC}") = "02.MoonGravity", "02.MoonGravity\02.MoonGravity.csproj", "{D5A6ADBE-B266-4EBE-9139-D268E247CAB8}"
EndProject
Project("{FAE04EC0-301F-11D3-BF4B-00C04F79EFBC}") = "03.DevideBySevenAndFive", "03.DevideBySevenAndFive\03.DevideBySevenAndFive.csproj", "{6248B6C8-3523-4C2C-B76F-4A96BF318B70}"
EndProject
Project("{FAE04EC0-301F-11D3-BF4B-00C04F79EFBC}") = "04.Rectangles", "04.Rectangles\04.Rectangles.csproj", "{71BEC1BA-1761-4B0E-BAB0-319C30301D3C}"
EndProject
Project("{FAE04EC0-301F-11D3-BF4B-00C04F79EFBC}") = "05.ThirdDigit", "05.ThirdDigit\05.ThirdDigit.csproj", "{D93F48BB-5FCF-4422-B6A9-3401F325EF0E}"
EndProject
Project("{FAE04EC0-301F-11D3-BF4B-00C04F79EFBC}") = "06.FourDigits", "06.FourDigits\06.FourDigits.csproj", "{A99B2BB0-08D7-4DA6-A73A-6F4E00444551}"
EndProject
Project("{FAE04EC0-301F-11D3-BF4B-00C04F79EFBC}") = "07.PointInCircle", "07.PointInCircle\07.PointInCircle.csproj", "{5AF2091A-6D5F-4557-87BC-E4E4F09EB3CA}"
EndProject
Project("{FAE04EC0-301F-11D3-BF4B-00C04F79EFBC}") = "08.PrimeCheck", "08.PrimeCheck\08.PrimeCheck.csproj", "{06987220-F33F-4DB2-8972-7326773B97C6}"
EndProject
Project("{FAE04EC0-301F-11D3-BF4B-00C04F79EFBC}") = "09.Trapezoids", "09.Trapezoids\09.Trapezoids.csproj", "{85E65DD3-2828-4D60-A96D-B63391C4B9C8}"
EndProject
Project("{FAE04EC0-301F-11D3-BF4B-00C04F79EFBC}") = "10.PointCircleRectangle", "10.PointCircleRectangle\10.PointCircleRectangle.csproj", "{76A89B2B-E95A-4107-A46F-25D2EFCD2914}"
EndProject
Project("{FAE04EC0-301F-11D3-BF4B-00C04F79EFBC}") = "11.3rdBit", "11.3rdBit\11.3rdBit.csproj", "{4F1322E9-D078-4C62-93D2-92D418C548DB}"
EndProject
Project("{FAE04EC0-301F-11D3-BF4B-00C04F79EFBC}") = "12.N-thBit", "12.N-thBit\12.N-thBit.csproj", "{4A09C336-0710-4F3F-86A8-B3A7BBB559E6}"
EndProject
Project("{FAE04EC0-301F-11D3-BF4B-00C04F79EFBC}") = "13.ModifyBit", "13.ModifyBit\13.ModifyBit.csproj", "{6F149B79-61D9-4B77-A08D-1FC1EC19B8B3}"
EndProject
Project("{FAE04EC0-301F-11D3-BF4B-00C04F79EFBC}") = "14.BitExchange", "14.BitExchange\14.BitExchange.csproj", "{31B53259-F928-4A85-9147-B152CF1B5655}"
EndProject
Project("{FAE04EC0-301F-11D3-BF4B-00C04F79EFBC}") = "15.BitSwap", "15.BitSwap\15.BitSwap.csproj", "{30F27A49-1B04-4381-ABD3-2DA642296A71}"
EndProject
Global
	GlobalSection(SolutionConfigurationPlatforms) = preSolution
		Debug|Any CPU = Debug|Any CPU
		Release|Any CPU = Release|Any CPU
	EndGlobalSection
	GlobalSection(ProjectConfigurationPlatforms) = postSolution
		{D7F315C5-FE67-4569-A6E5-7D3CD825F9BE}.Debug|Any CPU.ActiveCfg = Debug|Any CPU
		{D7F315C5-FE67-4569-A6E5-7D3CD825F9BE}.Debug|Any CPU.Build.0 = Debug|Any CPU
		{D7F315C5-FE67-4569-A6E5-7D3CD825F9BE}.Release|Any CPU.ActiveCfg = Release|Any CPU
		{D7F315C5-FE67-4569-A6E5-7D3CD825F9BE}.Release|Any CPU.Build.0 = Release|Any CPU
		{D5A6ADBE-B266-4EBE-9139-D268E247CAB8}.Debug|Any CPU.ActiveCfg = Debug|Any CPU
		{D5A6ADBE-B266-4EBE-9139-D268E247CAB8}.Debug|Any CPU.Build.0 = Debug|Any CPU
		{D5A6ADBE-B266-4EBE-9139-D268E247CAB8}.Release|Any CPU.ActiveCfg = Release|Any CPU
		{D5A6ADBE-B266-4EBE-9139-D268E247CAB8}.Release|Any CPU.Build.0 = Release|Any CPU
		{6248B6C8-3523-4C2C-B76F-4A96BF318B70}.Debug|Any CPU.ActiveCfg = Debug|Any CPU
		{6248B6C8-3523-4C2C-B76F-4A96BF318B70}.Debug|Any CPU.Build.0 = Debug|Any CPU
		{6248B6C8-3523-4C2C-B76F-4A96BF318B70}.Release|Any CPU.ActiveCfg = Release|Any CPU
		{6248B6C8-3523-4C2C-B76F-4A96BF318B70}.Release|Any CPU.Build.0 = Release|Any CPU
		{71BEC1BA-1761-4B0E-BAB0-319C30301D3C}.Debug|Any CPU.ActiveCfg = Debug|Any CPU
		{71BEC1BA-1761-4B0E-BAB0-319C30301D3C}.Debug|Any CPU.Build.0 = Debug|Any CPU
		{71BEC1BA-1761-4B0E-BAB0-319C30301D3C}.Release|Any CPU.ActiveCfg = Release|Any CPU
		{71BEC1BA-1761-4B0E-BAB0-319C30301D3C}.Release|Any CPU.Build.0 = Release|Any CPU
		{D93F48BB-5FCF-4422-B6A9-3401F325EF0E}.Debug|Any CPU.ActiveCfg = Debug|Any CPU
		{D93F48BB-5FCF-4422-B6A9-3401F325EF0E}.Debug|Any CPU.Build.0 = Debug|Any CPU
		{D93F48BB-5FCF-4422-B6A9-3401F325EF0E}.Release|Any CPU.ActiveCfg = Release|Any CPU
		{D93F48BB-5FCF-4422-B6A9-3401F325EF0E}.Release|Any CPU.Build.0 = Release|Any CPU
		{A99B2BB0-08D7-4DA6-A73A-6F4E00444551}.Debug|Any CPU.ActiveCfg = Debug|Any CPU
		{A99B2BB0-08D7-4DA6-A73A-6F4E00444551}.Debug|Any CPU.Build.0 = Debug|Any CPU
		{A99B2BB0-08D7-4DA6-A73A-6F4E00444551}.Release|Any CPU.ActiveCfg = Release|Any CPU
		{A99B2BB0-08D7-4DA6-A73A-6F4E00444551}.Release|Any CPU.Build.0 = Release|Any CPU
		{5AF2091A-6D5F-4557-87BC-E4E4F09EB3CA}.Debug|Any CPU.ActiveCfg = Debug|Any CPU
		{5AF2091A-6D5F-4557-87BC-E4E4F09EB3CA}.Debug|Any CPU.Build.0 = Debug|Any CPU
		{5AF2091A-6D5F-4557-87BC-E4E4F09EB3CA}.Release|Any CPU.ActiveCfg = Release|Any CPU
		{5AF2091A-6D5F-4557-87BC-E4E4F09EB3CA}.Release|Any CPU.Build.0 = Release|Any CPU
		{06987220-F33F-4DB2-8972-7326773B97C6}.Debug|Any CPU.ActiveCfg = Debug|Any CPU
		{06987220-F33F-4DB2-8972-7326773B97C6}.Debug|Any CPU.Build.0 = Debug|Any CPU
		{06987220-F33F-4DB2-8972-7326773B97C6}.Release|Any CPU.ActiveCfg = Release|Any CPU
		{06987220-F33F-4DB2-8972-7326773B97C6}.Release|Any CPU.Build.0 = Release|Any CPU
		{85E65DD3-2828-4D60-A96D-B63391C4B9C8}.Debug|Any CPU.ActiveCfg = Debug|Any CPU
		{85E65DD3-2828-4D60-A96D-B63391C4B9C8}.Debug|Any CPU.Build.0 = Debug|Any CPU
		{85E65DD3-2828-4D60-A96D-B63391C4B9C8}.Release|Any CPU.ActiveCfg = Release|Any CPU
		{85E65DD3-2828-4D60-A96D-B63391C4B9C8}.Release|Any CPU.Build.0 = Release|Any CPU
		{76A89B2B-E95A-4107-A46F-25D2EFCD2914}.Debug|Any CPU.ActiveCfg = Debug|Any CPU
		{76A89B2B-E95A-4107-A46F-25D2EFCD2914}.Debug|Any CPU.Build.0 = Debug|Any CPU
		{76A89B2B-E95A-4107-A46F-25D2EFCD2914}.Release|Any CPU.ActiveCfg = Release|Any CPU
		{76A89B2B-E95A-4107-A46F-25D2EFCD2914}.Release|Any CPU.Build.0 = Release|Any CPU
		{4F1322E9-D078-4C62-93D2-92D418C548DB}.Debug|Any CPU.ActiveCfg = Debug|Any CPU
		{4F1322E9-D078-4C62-93D2-92D418C548DB}.Debug|Any CPU.Build.0 = Debug|Any CPU
		{4F1322E9-D078-4C62-93D2-92D418C548DB}.Release|Any CPU.ActiveCfg = Release|Any CPU
		{4F1322E9-D078-4C62-93D2-92D418C548DB}.Release|Any CPU.Build.0 = Release|Any CPU
		{4A09C336-0710-4F3F-86A8-B3A7BBB559E6}.Debug|Any CPU.ActiveCfg = Debug|Any CPU
		{4A09C336-0710-4F3F-86A8-B3A7BBB559E6}.Debug|Any CPU.Build.0 = Debug|Any CPU
		{4A09C336-0710-4F3F-86A8-B3A7BBB559E6}.Release|Any CPU.ActiveCfg = Release|Any CPU
		{4A09C336-0710-4F3F-86A8-B3A7BBB559E6}.Release|Any CPU.Build.0 = Release|Any CPU
		{6F149B79-61D9-4B77-A08D-1FC1EC19B8B3}.Debug|Any CPU.ActiveCfg = Debug|Any CPU
		{6F149B79-61D9-4B77-A08D-1FC1EC19B8B3}.Debug|Any CPU.Build.0 = Debug|Any CPU
		{6F149B79-61D9-4B77-A08D-1FC1EC19B8B3}.Release|Any CPU.ActiveCfg = Release|Any CPU
		{6F149B79-61D9-4B77-A08D-1FC1EC19B8B3}.Release|Any CPU.Build.0 = Release|Any CPU
		{31B53259-F928-4A85-9147-B152CF1B5655}.Debug|Any CPU.ActiveCfg = Debug|Any CPU
		{31B53259-F928-4A85-9147-B152CF1B5655}.Debug|Any CPU.Build.0 = Debug|Any CPU
		{31B53259-F928-4A85-9147-B152CF1B5655}.Release|Any CPU.ActiveCfg = Release|Any CPU
		{31B53259-F928-4A85-9147-B152CF1B5655}.Release|Any CPU.Build.0 = Release|Any CPU
		{30F27A49-1B04-4381-ABD3-2DA642296A71}.Debug|Any CPU.ActiveCfg = Debug|Any CPU
		{30F27A49-1B04-4381-ABD3-2DA642296A71}.Debug|Any CPU.Build.0 = Debug|Any CPU
		{30F27A49-1B04-4381-ABD3-2DA642296A71}.Release|Any CPU.ActiveCfg = Release|Any CPU
		{30F27A49-1B04-4381-ABD3-2DA642296A71}.Release|Any CPU.Build.0 = Release|Any CPU
	EndGlobalSection
	GlobalSection(SolutionProperties) = preSolution
		HideSolutionNode = FALSE
	EndGlobalSection
EndGlobal
