
Microsoft Visual Studio Solution File, Format Version 12.00
# Visual Studio 14
VisualStudioVersion = 14.0.25123.0
MinimumVisualStudioVersion = 10.0.40219.1
Project("{FAE04EC0-301F-11D3-BF4B-00C04F79EFBC}") = "1.ThreeNumbers", "1.ThreeNumbers\1.ThreeNumbers.csproj", "{848B58F5-B721-4F9E-9773-0916FE8E1A4E}"
EndProject
Project("{FAE04EC0-301F-11D3-BF4B-00C04F79EFBC}") = "2.Decoding", "2.Decoding\2.Decoding.csproj", "{E70100C0-B3A8-4987-9541-32CB2536A859}"
EndProject
Project("{FAE04EC0-301F-11D3-BF4B-00C04F79EFBC}") = "3.ConsoleApplication1", "3.ConsoleApplication1\3.ConsoleApplication1.csproj", "{29639FED-20C8-4ABF-A568-869A9435279F}"
EndProject
Project("{FAE04EC0-301F-11D3-BF4B-00C04F79EFBC}") = "5.SearchInBits", "5.SearchInBits\5.SearchInBits.csproj", "{CA8CA761-A51F-49A2-BDAB-0EFA53B5A382}"
EndProject
Global
	GlobalSection(SolutionConfigurationPlatforms) = preSolution
		Debug|Any CPU = Debug|Any CPU
		Release|Any CPU = Release|Any CPU
	EndGlobalSection
	GlobalSection(ProjectConfigurationPlatforms) = postSolution
		{848B58F5-B721-4F9E-9773-0916FE8E1A4E}.Debug|Any CPU.ActiveCfg = Debug|Any CPU
		{848B58F5-B721-4F9E-9773-0916FE8E1A4E}.Debug|Any CPU.Build.0 = Debug|Any CPU
		{848B58F5-B721-4F9E-9773-0916FE8E1A4E}.Release|Any CPU.ActiveCfg = Release|Any CPU
		{848B58F5-B721-4F9E-9773-0916FE8E1A4E}.Release|Any CPU.Build.0 = Release|Any CPU
		{E70100C0-B3A8-4987-9541-32CB2536A859}.Debug|Any CPU.ActiveCfg = Debug|Any CPU
		{E70100C0-B3A8-4987-9541-32CB2536A859}.Debug|Any CPU.Build.0 = Debug|Any CPU
		{E70100C0-B3A8-4987-9541-32CB2536A859}.Release|Any CPU.ActiveCfg = Release|Any CPU
		{E70100C0-B3A8-4987-9541-32CB2536A859}.Release|Any CPU.Build.0 = Release|Any CPU
		{29639FED-20C8-4ABF-A568-869A9435279F}.Debug|Any CPU.ActiveCfg = Debug|Any CPU
		{29639FED-20C8-4ABF-A568-869A9435279F}.Debug|Any CPU.Build.0 = Debug|Any CPU
		{29639FED-20C8-4ABF-A568-869A9435279F}.Release|Any CPU.ActiveCfg = Release|Any CPU
		{29639FED-20C8-4ABF-A568-869A9435279F}.Release|Any CPU.Build.0 = Release|Any CPU
		{CA8CA761-A51F-49A2-BDAB-0EFA53B5A382}.Debug|Any CPU.ActiveCfg = Debug|Any CPU
		{CA8CA761-A51F-49A2-BDAB-0EFA53B5A382}.Debug|Any CPU.Build.0 = Debug|Any CPU
		{CA8CA761-A51F-49A2-BDAB-0EFA53B5A382}.Release|Any CPU.ActiveCfg = Release|Any CPU
		{CA8CA761-A51F-49A2-BDAB-0EFA53B5A382}.Release|Any CPU.Build.0 = Release|Any CPU
	EndGlobalSection
	GlobalSection(SolutionProperties) = preSolution
		HideSolutionNode = FALSE
	EndGlobalSection
EndGlobal
