
Microsoft Visual Studio Solution File, Format Version 12.00
# Visual Studio 14
VisualStudioVersion = 14.0.25123.0
MinimumVisualStudioVersion = 10.0.40219.1
Project("{FAE04EC0-301F-11D3-BF4B-00C04F79EFBC}") = "1.3-6-9", "1.3-6-9\1.3-6-9.csproj", "{DB932070-F4F8-4D0F-BCD2-9C786BA2B47D}"
EndProject
Project("{FAE04EC0-301F-11D3-BF4B-00C04F79EFBC}") = "2.TheHorror", "2.TheHorror\2.TheHorror.csproj", "{98C44B1E-D2E5-496D-B2AC-8857C42A37D1}"
EndProject
Project("{FAE04EC0-301F-11D3-BF4B-00C04F79EFBC}") = "4.DiamondTrolls", "4.DiamondTrolls\4.DiamondTrolls.csproj", "{D2B17E9D-CA9D-4B49-919A-06C8B0630E4B}"
EndProject
Project("{FAE04EC0-301F-11D3-BF4B-00C04F79EFBC}") = "3.Excpression", "3.Excpression\3.Excpression.csproj", "{DC2980B9-F59D-48BE-A393-98A2235F7950}"
EndProject
Global
	GlobalSection(SolutionConfigurationPlatforms) = preSolution
		Debug|Any CPU = Debug|Any CPU
		Release|Any CPU = Release|Any CPU
	EndGlobalSection
	GlobalSection(ProjectConfigurationPlatforms) = postSolution
		{DB932070-F4F8-4D0F-BCD2-9C786BA2B47D}.Debug|Any CPU.ActiveCfg = Debug|Any CPU
		{DB932070-F4F8-4D0F-BCD2-9C786BA2B47D}.Debug|Any CPU.Build.0 = Debug|Any CPU
		{DB932070-F4F8-4D0F-BCD2-9C786BA2B47D}.Release|Any CPU.ActiveCfg = Release|Any CPU
		{DB932070-F4F8-4D0F-BCD2-9C786BA2B47D}.Release|Any CPU.Build.0 = Release|Any CPU
		{98C44B1E-D2E5-496D-B2AC-8857C42A37D1}.Debug|Any CPU.ActiveCfg = Debug|Any CPU
		{98C44B1E-D2E5-496D-B2AC-8857C42A37D1}.Debug|Any CPU.Build.0 = Debug|Any CPU
		{98C44B1E-D2E5-496D-B2AC-8857C42A37D1}.Release|Any CPU.ActiveCfg = Release|Any CPU
		{98C44B1E-D2E5-496D-B2AC-8857C42A37D1}.Release|Any CPU.Build.0 = Release|Any CPU
		{D2B17E9D-CA9D-4B49-919A-06C8B0630E4B}.Debug|Any CPU.ActiveCfg = Debug|Any CPU
		{D2B17E9D-CA9D-4B49-919A-06C8B0630E4B}.Debug|Any CPU.Build.0 = Debug|Any CPU
		{D2B17E9D-CA9D-4B49-919A-06C8B0630E4B}.Release|Any CPU.ActiveCfg = Release|Any CPU
		{D2B17E9D-CA9D-4B49-919A-06C8B0630E4B}.Release|Any CPU.Build.0 = Release|Any CPU
		{DC2980B9-F59D-48BE-A393-98A2235F7950}.Debug|Any CPU.ActiveCfg = Debug|Any CPU
		{DC2980B9-F59D-48BE-A393-98A2235F7950}.Debug|Any CPU.Build.0 = Debug|Any CPU
		{DC2980B9-F59D-48BE-A393-98A2235F7950}.Release|Any CPU.ActiveCfg = Release|Any CPU
		{DC2980B9-F59D-48BE-A393-98A2235F7950}.Release|Any CPU.Build.0 = Release|Any CPU
	EndGlobalSection
	GlobalSection(SolutionProperties) = preSolution
		HideSolutionNode = FALSE
	EndGlobalSection
EndGlobal
