
Microsoft Visual Studio Solution File, Format Version 12.00
# Visual Studio 14
VisualStudioVersion = 14.0.25123.0
MinimumVisualStudioVersion = 10.0.40219.1
Project("{FAE04EC0-301F-11D3-BF4B-00C04F79EFBC}") = "01.FillTheMatrix", "01.FillTheMatrix\01.FillTheMatrix.csproj", "{45E41AFE-B6CC-4BE3-8CFD-C6E575D577BC}"
EndProject
Project("{FAE04EC0-301F-11D3-BF4B-00C04F79EFBC}") = "02.MaximalSum", "02.MaximalSum\02.MaximalSum.csproj", "{A9A9C253-546A-491C-8F8A-5595E7B40BBE}"
EndProject
Project("{FAE04EC0-301F-11D3-BF4B-00C04F79EFBC}") = "03.SequenceInMatrix", "03.SequenceInMatrix\03.SequenceInMatrix.csproj", "{4797D3D1-AAF5-43CA-8899-485F8D0ED169}"
EndProject
Global
	GlobalSection(SolutionConfigurationPlatforms) = preSolution
		Debug|Any CPU = Debug|Any CPU
		Release|Any CPU = Release|Any CPU
	EndGlobalSection
	GlobalSection(ProjectConfigurationPlatforms) = postSolution
		{45E41AFE-B6CC-4BE3-8CFD-C6E575D577BC}.Debug|Any CPU.ActiveCfg = Debug|Any CPU
		{45E41AFE-B6CC-4BE3-8CFD-C6E575D577BC}.Debug|Any CPU.Build.0 = Debug|Any CPU
		{45E41AFE-B6CC-4BE3-8CFD-C6E575D577BC}.Release|Any CPU.ActiveCfg = Release|Any CPU
		{45E41AFE-B6CC-4BE3-8CFD-C6E575D577BC}.Release|Any CPU.Build.0 = Release|Any CPU
		{A9A9C253-546A-491C-8F8A-5595E7B40BBE}.Debug|Any CPU.ActiveCfg = Debug|Any CPU
		{A9A9C253-546A-491C-8F8A-5595E7B40BBE}.Debug|Any CPU.Build.0 = Debug|Any CPU
		{A9A9C253-546A-491C-8F8A-5595E7B40BBE}.Release|Any CPU.ActiveCfg = Release|Any CPU
		{A9A9C253-546A-491C-8F8A-5595E7B40BBE}.Release|Any CPU.Build.0 = Release|Any CPU
		{4797D3D1-AAF5-43CA-8899-485F8D0ED169}.Debug|Any CPU.ActiveCfg = Debug|Any CPU
		{4797D3D1-AAF5-43CA-8899-485F8D0ED169}.Debug|Any CPU.Build.0 = Debug|Any CPU
		{4797D3D1-AAF5-43CA-8899-485F8D0ED169}.Release|Any CPU.ActiveCfg = Release|Any CPU
		{4797D3D1-AAF5-43CA-8899-485F8D0ED169}.Release|Any CPU.Build.0 = Release|Any CPU
	EndGlobalSection
	GlobalSection(SolutionProperties) = preSolution
		HideSolutionNode = FALSE
	EndGlobalSection
EndGlobal
